
Microsoft Visual Studio Solution File, Format Version 12.00
# Visual Studio for Mac
Project("{FAE04EC0-301F-11D3-BF4B-00C04F79EFBC}") = "GameDevProject", "GameDevProject.csproj", "{DB566F7C-28B8-9ACE-9FC1-81793612CC55}"
EndProject
Global
	GlobalSection(SolutionConfigurationPlatforms) = preSolution
		Debug|Any CPU = Debug|Any CPU
		Release|Any CPU = Release|Any CPU
	EndGlobalSection
	GlobalSection(ProjectConfigurationPlatforms) = postSolution
		{DB566F7C-28B8-9ACE-9FC1-81793612CC55}.Debug|Any CPU.ActiveCfg = Debug|Any CPU
		{DB566F7C-28B8-9ACE-9FC1-81793612CC55}.Debug|Any CPU.Build.0 = Debug|Any CPU
		{DB566F7C-28B8-9ACE-9FC1-81793612CC55}.Release|Any CPU.ActiveCfg = Release|Any CPU
		{DB566F7C-28B8-9ACE-9FC1-81793612CC55}.Release|Any CPU.Build.0 = Release|Any CPU
	EndGlobalSection
	GlobalSection(SolutionProperties) = preSolution
		HideSolutionNode = FALSE
	EndGlobalSection
EndGlobal
